// !$*UTF8*$!
{
	archiveVersion = 1;
	classes = {
	};
	objectVersion = 46;
	objects = {

/* Begin PBXBuildFile section */
		A66AA1751F0BC86500F822CE /* AppDelegate.swift in Sources */ = {isa = PBXBuildFile; fileRef = A66AA1741F0BC86500F822CE /* AppDelegate.swift */; };
		A66AA1771F0BC86500F822CE /* ViewController.swift in Sources */ = {isa = PBXBuildFile; fileRef = A66AA1761F0BC86500F822CE /* ViewController.swift */; };
		A66AA17A1F0BC86500F822CE /* Main.storyboard in Resources */ = {isa = PBXBuildFile; fileRef = A66AA1781F0BC86500F822CE /* Main.storyboard */; };
		A66AA17C1F0BC86500F822CE /* Assets.xcassets in Resources */ = {isa = PBXBuildFile; fileRef = A66AA17B1F0BC86500F822CE /* Assets.xcassets */; };
		A66AA17F1F0BC86500F822CE /* LaunchScreen.storyboard in Resources */ = {isa = PBXBuildFile; fileRef = A66AA17D1F0BC86500F822CE /* LaunchScreen.storyboard */; };
/* End PBXBuildFile section */

/* Begin PBXFileReference section */
		A66AA1711F0BC86500F822CE /* Project15.app */ = {isa = PBXFileReference; explicitFileType = wrapper.application; includeInIndex = 0; path = Project15.app; sourceTree = BUILT_PRODUCTS_DIR; };
		A66AA1741F0BC86500F822CE /* AppDelegate.swift */ = {isa = PBXFileReference; lastKnownFileType = sourcecode.swift; path = AppDelegate.swift; sourceTree = "<group>"; };
		A66AA1761F0BC86500F822CE /* ViewController.swift */ = {isa = PBXFileReference; lastKnownFileType = sourcecode.swift; path = ViewController.swift; sourceTree = "<group>"; };
		A66AA1791F0BC86500F822CE /* Base */ = {isa = PBXFileReference; lastKnownFileType = file.storyboard; name = Base; path = Base.lproj/Main.storyboard; sourceTree = "<group>"; };
		A66AA17B1F0BC86500F822CE /* Assets.xcassets */ = {isa = PBXFileReference; lastKnownFileType = folder.assetcatalog; path = Assets.xcassets; sourceTree = "<group>"; };
		A66AA17E1F0BC86500F822CE /* Base */ = {isa = PBXFileReference; lastKnownFileType = file.storyboard; name = Base; path = Base.lproj/LaunchScreen.storyboard; sourceTree = "<group>"; };
		A66AA1801F0BC86500F822CE /* Info.plist */ = {isa = PBXFileReference; lastKnownFileType = text.plist.xml; path = Info.plist; sourceTree = "<group>"; };
/* End PBXFileReference section */

/* Begin PBXFrameworksBuildPhase section */
		A66AA16E1F0BC86500F822CE /* Frameworks */ = {
			isa = PBXFrameworksBuildPhase;
			buildActionMask = 2147483647;
			files = (
			);
			runOnlyForDeploymentPostprocessing = 0;
		};
/* End PBXFrameworksBuildPhase section */

/* Begin PBXGroup section */
		A66AA1681F0BC86500F822CE = {
			isa = PBXGroup;
			children = (
				A66AA1731F0BC86500F822CE /* Project15 */,
				A66AA1721F0BC86500F822CE /* Products */,
			);
			sourceTree = "<group>";
		};
		A66AA1721F0BC86500F822CE /* Products */ = {
			isa = PBXGroup;
			children = (
				A66AA1711F0BC86500F822CE /* Project15.app */,
			);
			name = Products;
			sourceTree = "<group>";
		};
		A66AA1731F0BC86500F822CE /* Project15 */ = {
			isa = PBXGroup;
			children = (
				A66AA1741F0BC86500F822CE /* AppDelegate.swift */,
				A66AA1761F0BC86500F822CE /* ViewController.swift */,
				A66AA1781F0BC86500F822CE /* Main.storyboard */,
				A66AA17B1F0BC86500F822CE /* Assets.xcassets */,
				A66AA17D1F0BC86500F822CE /* LaunchScreen.storyboard */,
				A66AA1801F0BC86500F822CE /* Info.plist */,
			);
			path = Project15;
			sourceTree = "<group>";
		};
/* End PBXGroup section */

/* Begin PBXNativeTarget section */
		A66AA1701F0BC86500F822CE /* Project15 */ = {
			isa = PBXNativeTarget;
			buildConfigurationList = A66AA1831F0BC86500F822CE /* Build configuration list for PBXNativeTarget "Project15" */;
			buildPhases = (
				A66AA16D1F0BC86500F822CE /* Sources */,
				A66AA16E1F0BC86500F822CE /* Frameworks */,
				A66AA16F1F0BC86500F822CE /* Resources */,
			);
			buildRules = (
			);
			dependencies = (
			);
			name = Project15;
			productName = Project15;
			productReference = A66AA1711F0BC86500F822CE /* Project15.app */;
			productType = "com.apple.product-type.application";
		};
/* End PBXNativeTarget section */

/* Begin PBXProject section */
		A66AA1691F0BC86500F822CE /* Project object */ = {
			isa = PBXProject;
			attributes = {
				LastSwiftUpdateCheck = 0830;
				LastUpgradeCheck = 0830;
				ORGANIZATIONNAME = giangbb;
				TargetAttributes = {
					A66AA1701F0BC86500F822CE = {
						CreatedOnToolsVersion = 8.3.3;
						DevelopmentTeam = 7ACYB84PE5;
						ProvisioningStyle = Automatic;
					};
				};
			};
			buildConfigurationList = A66AA16C1F0BC86500F822CE /* Build configuration list for PBXProject "Project15" */;
			compatibilityVersion = "Xcode 3.2";
			developmentRegion = English;
			hasScannedForEncodings = 0;
			knownRegions = (
				en,
				Base,
			);
			mainGroup = A66AA1681F0BC86500F822CE;
			productRefGroup = A66AA1721F0BC86500F822CE /* Products */;
			projectDirPath = "";
			projectRoot = "";
			targets = (
				A66AA1701F0BC86500F822CE /* Project15 */,
			);
		};
/* End PBXProject section */

/* Begin PBXResourcesBuildPhase section */
		A66AA16F1F0BC86500F822CE /* Resources */ = {
			isa = PBXResourcesBuildPhase;
			buildActionMask = 2147483647;
			files = (
				A66AA17F1F0BC86500F822CE /* LaunchScreen.storyboard in Resources */,
				A66AA17C1F0BC86500F822CE /* Assets.xcassets in Resources */,
				A66AA17A1F0BC86500F822CE /* Main.storyboard in Resources */,
			);
			runOnlyForDeploymentPostprocessing = 0;
		};
/* End PBXResourcesBuildPhase section */

/* Begin PBXSourcesBuildPhase section */
		A66AA16D1F0BC86500F822CE /* Sources */ = {
			isa = PBXSourcesBuildPhase;
			buildActionMask = 2147483647;
			files = (
				A66AA1771F0BC86500F822CE /* ViewController.swift in Sources */,
				A66AA1751F0BC86500F822CE /* AppDelegate.swift in Sources */,
			);
			runOnlyForDeploymentPostprocessing = 0;
		};
/* End PBXSourcesBuildPhase section */

/* Begin PBXVariantGroup section */
		A66AA1781F0BC86500F822CE /* Main.storyboard */ = {
			isa = PBXVariantGroup;
			children = (
				A66AA1791F0BC86500F822CE /* Base */,
			);
			name = Main.storyboard;
			sourceTree = "<group>";
		};
		A66AA17D1F0BC86500F822CE /* LaunchScreen.storyboard */ = {
			isa = PBXVariantGroup;
			children = (
				A66AA17E1F0BC86500F822CE /* Base */,
			);
			name = LaunchScreen.storyboard;
			sourceTree = "<group>";
		};
/* End PBXVariantGroup section */

/* Begin XCBuildConfiguration section */
		A66AA1811F0BC86500F822CE /* Debug */ = {
			isa = XCBuildConfiguration;
			buildSettings = {
				ALWAYS_SEARCH_USER_PATHS = NO;
				CLANG_ANALYZER_NONNULL = YES;
				CLANG_ANALYZER_NUMBER_OBJECT_CONVERSION = YES_AGGRESSIVE;
				CLANG_CXX_LANGUAGE_STANDARD = "gnu++0x";
				CLANG_CXX_LIBRARY = "libc++";
				CLANG_ENABLE_MODULES = YES;
				CLANG_ENABLE_OBJC_ARC = YES;
				CLANG_WARN_BOOL_CONVERSION = YES;
				CLANG_WARN_CONSTANT_CONVERSION = YES;
				CLANG_WARN_DIRECT_OBJC_ISA_USAGE = YES_ERROR;
				CLANG_WARN_DOCUMENTATION_COMMENTS = YES;
				CLANG_WARN_EMPTY_BODY = YES;
				CLANG_WARN_ENUM_CONVERSION = YES;
				CLANG_WARN_INFINITE_RECURSION = YES;
				CLANG_WARN_INT_CONVERSION = YES;
				CLANG_WARN_OBJC_ROOT_CLASS = YES_ERROR;
				CLANG_WARN_SUSPICIOUS_MOVE = YES;
				CLANG_WARN_UNREACHABLE_CODE = YES;
				CLANG_WARN__DUPLICATE_METHOD_MATCH = YES;
				"CODE_SIGN_IDENTITY[sdk=iphoneos*]" = "iPhone Developer";
				COPY_PHASE_STRIP = NO;
				DEBUG_INFORMATION_FORMAT = dwarf;
				ENABLE_STRICT_OBJC_MSGSEND = YES;
				ENABLE_TESTABILITY = YES;
				GCC_C_LANGUAGE_STANDARD = gnu99;
				GCC_DYNAMIC_NO_PIC = NO;
				GCC_NO_COMMON_BLOCKS = YES;
				GCC_OPTIMIZATION_LEVEL = 0;
				GCC_PREPROCESSOR_DEFINITIONS = (
					"DEBUG=1",
					"$(inherited)",
				);
				GCC_WARN_64_TO_32_BIT_CONVERSION = YES;
				GCC_WARN_ABOUT_RETURN_TYPE = YES_ERROR;
				GCC_WARN_UNDECLARED_SELECTOR = YES;
				GCC_WARN_UNINITIALIZED_AUTOS = YES_AGGRESSIVE;
				GCC_WARN_UNUSED_FUNCTION = YES;
				GCC_WARN_UNUSED_VARIABLE = YES;
				IPHONEOS_DEPLOYMENT_TARGET = 10.3;
				MTL_ENABLE_DEBUG_INFO = YES;
				ONLY_ACTIVE_ARCH = YES;
				SDKROOT = iphoneos;
				SWIFT_ACTIVE_COMPILATION_CONDITIONS = DEBUG;
				SWIFT_OPTIMIZATION_LEVEL = "-Onone";
				TARGETED_DEVICE_FAMILY = 2;
			};
			name = Debug;
		};
		A66AA1821F0BC86500F822CE /* Release */ = {
			isa = XCBuildConfiguration;
			buildSettings = {
				ALWAYS_SEARCH_USER_PATHS = NO;
				CLANG_ANALYZER_NONNULL = YES;
				CLANG_ANALYZER_NUMBER_OBJECT_CONVERSION = YES_AGGRESSIVE;
				CLANG_CXX_LANGUAGE_STANDARD = "gnu++0x";
				CLANG_CXX_LIBRARY = "libc++";
				CLANG_ENABLE_MODULES = YES;
				CLANG_ENABLE_OBJC_ARC = YES;
				CLANG_WARN_BOOL_CONVERSION = YES;
				CLANG_WARN_CONSTANT_CONVERSION = YES;
				CLANG_WARN_DIRECT_OBJC_ISA_USAGE = YES_ERROR;
				CLANG_WARN_DOCUMENTATION_COMMENTS = YES;
				CLANG_WARN_EMPTY_BODY = YES;
				CLANG_WARN_ENUM_CONVERSION = YES;
				CLANG_WARN_INFINITE_RECURSION = YES;
				CLANG_WARN_INT_CONVERSION = YES;
				CLANG_WARN_OBJC_ROOT_CLASS = YES_ERROR;
				CLANG_WARN_SUSPICIOUS_MOVE = YES;
				CLANG_WARN_UNREACHABLE_CODE = YES;
				CLANG_WARN__DUPLICATE_METHOD_MATCH = YES;
				"CODE_SIGN_IDENTITY[sdk=iphoneos*]" = "iPhone Developer";
				COPY_PHASE_STRIP = NO;
				DEBUG_INFORMATION_FORMAT = "dwarf-with-dsym";
				ENABLE_NS_ASSERTIONS = NO;
				ENABLE_STRICT_OBJC_MSGSEND = YES;
				GCC_C_LANGUAGE_STANDARD = gnu99;
				GCC_NO_COMMON_BLOCKS = YES;
				GCC_WARN_64_TO_32_BIT_CONVERSION = YES;
				GCC_WARN_ABOUT_RETURN_TYPE = YES_ERROR;
				GCC_WARN_UNDECLARED_SELECTOR = YES;
				GCC_WARN_UNINITIALIZED_AUTOS = YES_AGGRESSIVE;
				GCC_WARN_UNUSED_FUNCTION = YES;
				GCC_WARN_UNUSED_VARIABLE = YES;
				IPHONEOS_DEPLOYMENT_TARGET = 10.3;
				MTL_ENABLE_DEBUG_INFO = NO;
				SDKROOT = iphoneos;
				SWIFT_OPTIMIZATION_LEVEL = "-Owholemodule";
				TARGETED_DEVICE_FAMILY = 2;
				VALIDATE_PRODUCT = YES;
			};
			name = Release;
		};
		A66AA1841F0BC86500F822CE /* Debug */ = {
			isa = XCBuildConfiguration;
			buildSettings = {
				ASSETCATALOG_COMPILER_APPICON_NAME = AppIcon;
				DEVELOPMENT_TEAM = 7ACYB84PE5;
				INFOPLIST_FILE = Project15/Info.plist;
				LD_RUNPATH_SEARCH_PATHS = "$(inherited) @executable_path/Frameworks";
				PRODUCT_BUNDLE_IDENTIFIER = giangbb.Project15;
				PRODUCT_NAME = "$(TARGET_NAME)";
				SWIFT_VERSION = 3.0;
			};
			name = Debug;
		};
		A66AA1851F0BC86500F822CE /* Release */ = {
			isa = XCBuildConfiguration;
			buildSettings = {
				ASSETCATALOG_COMPILER_APPICON_NAME = AppIcon;
				DEVELOPMENT_TEAM = 7ACYB84PE5;
				INFOPLIST_FILE = Project15/Info.plist;
				LD_RUNPATH_SEARCH_PATHS = "$(inherited) @executable_path/Frameworks";
				PRODUCT_BUNDLE_IDENTIFIER = giangbb.Project15;
				PRODUCT_NAME = "$(TARGET_NAME)";
				SWIFT_VERSION = 3.0;
			};
			name = Release;
		};
/* End XCBuildConfiguration section */

/* Begin XCConfigurationList section */
		A66AA16C1F0BC86500F822CE /* Build configuration list for PBXProject "Project15" */ = {
			isa = XCConfigurationList;
			buildConfigurations = (
				A66AA1811F0BC86500F822CE /* Debug */,
				A66AA1821F0BC86500F822CE /* Release */,
			);
			defaultConfigurationIsVisible = 0;
			defaultConfigurationName = Release;
		};
		A66AA1831F0BC86500F822CE /* Build configuration list for PBXNativeTarget "Project15" */ = {
			isa = XCConfigurationList;
			buildConfigurations = (
				A66AA1841F0BC86500F822CE /* Debug */,
				A66AA1851F0BC86500F822CE /* Release */,
			);
			defaultConfigurationIsVisible = 0;
		};
/* End XCConfigurationList section */
	};
	rootObject = A66AA1691F0BC86500F822CE /* Project object */;
}
